
Microsoft Visual Studio Solution File, Format Version 12.00
# Visual Studio Version 17
VisualStudioVersion = 17.8.34322.80
MinimumVisualStudioVersion = 10.0.40219.1
Project("{9A19103F-16F7-4668-BE54-9A1E7A4F7556}") = "Authorization.Basics", "Authorization.Basics\Authorization.Basics.csproj", "{68BD5358-C2A7-4749-8B88-3F49E34ECC7C}"
EndProject
Project("{9A19103F-16F7-4668-BE54-9A1E7A4F7556}") = "Authentication.Roles", "Authentication.Roles\Authentication.Roles.csproj", "{EA0E4E8D-EE5F-47D0-B6DE-24EF78CC6E65}"
EndProject
Project("{9A19103F-16F7-4668-BE54-9A1E7A4F7556}") = "AuthorizationDatabase", "AuthorizationDatabase\AuthorizationDatabase.csproj", "{C7BB0C13-AFF3-465B-9445-D7284AE56A25}"
EndProject
Project("{9A19103F-16F7-4668-BE54-9A1E7A4F7556}") = "Authorization.JwtBearer", "Authorization.JwtBearer\Authorization.JwtBearer.csproj", "{798A909C-BFC0-4311-B9C0-96721EDF6435}"
EndProject
Project("{2150E333-8FDC-42A3-9474-1A3956D46DE8}") = "Basics", "Basics", "{2BAE6C5D-4337-4200-AEC5-B0692F999AAF}"
EndProject
Project("{9A19103F-16F7-4668-BE54-9A1E7A4F7556}") = "Authorization.Orders.API", "Authorization.Orders.API\Authorization.Orders.API.csproj", "{F09208B2-4EE5-40BF-9125-D4634A13B130}"
EndProject
Project("{9A19103F-16F7-4668-BE54-9A1E7A4F7556}") = "Authorization.Users.API", "Authorization.Users.API\Authorization.Users.API.csproj", "{7CC28191-2FB8-4323-80BE-188BEE947696}"
EndProject
Project("{FAE04EC0-301F-11D3-BF4B-00C04F79EFBC}") = "Authorization.IdentityServer", "Authorization.IdentityServer\Authorization.IdentityServer.csproj", "{D8F5CCAA-25FF-4E5D-AA19-379843B82097}"
EndProject
Global
	GlobalSection(SolutionConfigurationPlatforms) = preSolution
		Debug|Any CPU = Debug|Any CPU
		Release|Any CPU = Release|Any CPU
	EndGlobalSection
	GlobalSection(ProjectConfigurationPlatforms) = postSolution
		{68BD5358-C2A7-4749-8B88-3F49E34ECC7C}.Debug|Any CPU.ActiveCfg = Debug|Any CPU
		{68BD5358-C2A7-4749-8B88-3F49E34ECC7C}.Debug|Any CPU.Build.0 = Debug|Any CPU
		{68BD5358-C2A7-4749-8B88-3F49E34ECC7C}.Release|Any CPU.ActiveCfg = Release|Any CPU
		{68BD5358-C2A7-4749-8B88-3F49E34ECC7C}.Release|Any CPU.Build.0 = Release|Any CPU
		{EA0E4E8D-EE5F-47D0-B6DE-24EF78CC6E65}.Debug|Any CPU.ActiveCfg = Debug|Any CPU
		{EA0E4E8D-EE5F-47D0-B6DE-24EF78CC6E65}.Debug|Any CPU.Build.0 = Debug|Any CPU
		{EA0E4E8D-EE5F-47D0-B6DE-24EF78CC6E65}.Release|Any CPU.ActiveCfg = Release|Any CPU
		{EA0E4E8D-EE5F-47D0-B6DE-24EF78CC6E65}.Release|Any CPU.Build.0 = Release|Any CPU
		{C7BB0C13-AFF3-465B-9445-D7284AE56A25}.Debug|Any CPU.ActiveCfg = Debug|Any CPU
		{C7BB0C13-AFF3-465B-9445-D7284AE56A25}.Debug|Any CPU.Build.0 = Debug|Any CPU
		{C7BB0C13-AFF3-465B-9445-D7284AE56A25}.Release|Any CPU.ActiveCfg = Release|Any CPU
		{C7BB0C13-AFF3-465B-9445-D7284AE56A25}.Release|Any CPU.Build.0 = Release|Any CPU
		{798A909C-BFC0-4311-B9C0-96721EDF6435}.Debug|Any CPU.ActiveCfg = Debug|Any CPU
		{798A909C-BFC0-4311-B9C0-96721EDF6435}.Debug|Any CPU.Build.0 = Debug|Any CPU
		{798A909C-BFC0-4311-B9C0-96721EDF6435}.Release|Any CPU.ActiveCfg = Release|Any CPU
		{798A909C-BFC0-4311-B9C0-96721EDF6435}.Release|Any CPU.Build.0 = Release|Any CPU
		{F09208B2-4EE5-40BF-9125-D4634A13B130}.Debug|Any CPU.ActiveCfg = Debug|Any CPU
		{F09208B2-4EE5-40BF-9125-D4634A13B130}.Debug|Any CPU.Build.0 = Debug|Any CPU
		{F09208B2-4EE5-40BF-9125-D4634A13B130}.Release|Any CPU.ActiveCfg = Release|Any CPU
		{F09208B2-4EE5-40BF-9125-D4634A13B130}.Release|Any CPU.Build.0 = Release|Any CPU
		{7CC28191-2FB8-4323-80BE-188BEE947696}.Debug|Any CPU.ActiveCfg = Debug|Any CPU
		{7CC28191-2FB8-4323-80BE-188BEE947696}.Debug|Any CPU.Build.0 = Debug|Any CPU
		{7CC28191-2FB8-4323-80BE-188BEE947696}.Release|Any CPU.ActiveCfg = Release|Any CPU
		{7CC28191-2FB8-4323-80BE-188BEE947696}.Release|Any CPU.Build.0 = Release|Any CPU
		{D8F5CCAA-25FF-4E5D-AA19-379843B82097}.Debug|Any CPU.ActiveCfg = Debug|Any CPU
		{D8F5CCAA-25FF-4E5D-AA19-379843B82097}.Debug|Any CPU.Build.0 = Debug|Any CPU
		{D8F5CCAA-25FF-4E5D-AA19-379843B82097}.Release|Any CPU.ActiveCfg = Release|Any CPU
		{D8F5CCAA-25FF-4E5D-AA19-379843B82097}.Release|Any CPU.Build.0 = Release|Any CPU
	EndGlobalSection
	GlobalSection(SolutionProperties) = preSolution
		HideSolutionNode = FALSE
	EndGlobalSection
	GlobalSection(NestedProjects) = preSolution
		{68BD5358-C2A7-4749-8B88-3F49E34ECC7C} = {2BAE6C5D-4337-4200-AEC5-B0692F999AAF}
		{EA0E4E8D-EE5F-47D0-B6DE-24EF78CC6E65} = {2BAE6C5D-4337-4200-AEC5-B0692F999AAF}
		{C7BB0C13-AFF3-465B-9445-D7284AE56A25} = {2BAE6C5D-4337-4200-AEC5-B0692F999AAF}
		{798A909C-BFC0-4311-B9C0-96721EDF6435} = {2BAE6C5D-4337-4200-AEC5-B0692F999AAF}
	EndGlobalSection
	GlobalSection(ExtensibilityGlobals) = postSolution
		SolutionGuid = {4B057AB8-1E65-4A3D-A090-0B9BC987865E}
	EndGlobalSection
EndGlobal
